
Microsoft Visual Studio Solution File, Format Version 11.00
# Visual Studio 2010
Project("{FAE04EC0-301F-11D3-BF4B-00C04F79EFBC}") = "UI", "UI\UI.csproj", "{517F058C-482F-41F3-9454-BF2375DC0D4F}"
EndProject
Project("{FAE04EC0-301F-11D3-BF4B-00C04F79EFBC}") = "Base", "Base\Base.csproj", "{71C48BE8-D927-4F92-92DF-343CE2DB3D2D}"
EndProject
Project("{FAE04EC0-301F-11D3-BF4B-00C04F79EFBC}") = "OH", "Projects\OH\OH.csproj", "{EC9B0247-A35E-42D8-81A1-F9924A18470C}"
EndProject
Project("{FAE04EC0-301F-11D3-BF4B-00C04F79EFBC}") = "TIMES", "Projects\TIMES\TIMES.csproj", "{1ADF380E-BF32-41B8-883A-359227BDFCF4}"
EndProject
Project("{FAE04EC0-301F-11D3-BF4B-00C04F79EFBC}") = "YUANYE", "Projects\YUANYE\YUANYE.csproj", "{ECA80FA2-785D-468D-9ED2-F2C40B1AF37F}"
EndProject
Global
	GlobalSection(SolutionConfigurationPlatforms) = preSolution
		Debug|Any CPU = Debug|Any CPU
		Debug|Mixed Platforms = Debug|Mixed Platforms
		Debug|x86 = Debug|x86
		FitNesse|Any CPU = FitNesse|Any CPU
		FitNesse|Mixed Platforms = FitNesse|Mixed Platforms
		FitNesse|x86 = FitNesse|x86
		Release|Any CPU = Release|Any CPU
		Release|Mixed Platforms = Release|Mixed Platforms
		Release|x86 = Release|x86
	EndGlobalSection
	GlobalSection(ProjectConfigurationPlatforms) = postSolution
		{517F058C-482F-41F3-9454-BF2375DC0D4F}.Debug|Any CPU.ActiveCfg = Debug|Any CPU
		{517F058C-482F-41F3-9454-BF2375DC0D4F}.Debug|Any CPU.Build.0 = Debug|Any CPU
		{517F058C-482F-41F3-9454-BF2375DC0D4F}.Debug|Mixed Platforms.ActiveCfg = Release|Any CPU
		{517F058C-482F-41F3-9454-BF2375DC0D4F}.Debug|Mixed Platforms.Build.0 = Release|Any CPU
		{517F058C-482F-41F3-9454-BF2375DC0D4F}.Debug|x86.ActiveCfg = Debug|Any CPU
		{517F058C-482F-41F3-9454-BF2375DC0D4F}.FitNesse|Any CPU.ActiveCfg = Release|Any CPU
		{517F058C-482F-41F3-9454-BF2375DC0D4F}.FitNesse|Any CPU.Build.0 = Release|Any CPU
		{517F058C-482F-41F3-9454-BF2375DC0D4F}.FitNesse|Mixed Platforms.ActiveCfg = Release|Any CPU
		{517F058C-482F-41F3-9454-BF2375DC0D4F}.FitNesse|Mixed Platforms.Build.0 = Release|Any CPU
		{517F058C-482F-41F3-9454-BF2375DC0D4F}.FitNesse|x86.ActiveCfg = Release|Any CPU
		{517F058C-482F-41F3-9454-BF2375DC0D4F}.Release|Any CPU.ActiveCfg = Release|Any CPU
		{517F058C-482F-41F3-9454-BF2375DC0D4F}.Release|Any CPU.Build.0 = Release|Any CPU
		{517F058C-482F-41F3-9454-BF2375DC0D4F}.Release|Mixed Platforms.ActiveCfg = Release|Any CPU
		{517F058C-482F-41F3-9454-BF2375DC0D4F}.Release|Mixed Platforms.Build.0 = Release|Any CPU
		{517F058C-482F-41F3-9454-BF2375DC0D4F}.Release|x86.ActiveCfg = Release|Any CPU
		{71C48BE8-D927-4F92-92DF-343CE2DB3D2D}.Debug|Any CPU.ActiveCfg = Debug|Any CPU
		{71C48BE8-D927-4F92-92DF-343CE2DB3D2D}.Debug|Any CPU.Build.0 = Debug|Any CPU
		{71C48BE8-D927-4F92-92DF-343CE2DB3D2D}.Debug|Mixed Platforms.ActiveCfg = Release|Any CPU
		{71C48BE8-D927-4F92-92DF-343CE2DB3D2D}.Debug|Mixed Platforms.Build.0 = Release|Any CPU
		{71C48BE8-D927-4F92-92DF-343CE2DB3D2D}.Debug|x86.ActiveCfg = Debug|Any CPU
		{71C48BE8-D927-4F92-92DF-343CE2DB3D2D}.FitNesse|Any CPU.ActiveCfg = Release|Any CPU
		{71C48BE8-D927-4F92-92DF-343CE2DB3D2D}.FitNesse|Any CPU.Build.0 = Release|Any CPU
		{71C48BE8-D927-4F92-92DF-343CE2DB3D2D}.FitNesse|Mixed Platforms.ActiveCfg = Release|Any CPU
		{71C48BE8-D927-4F92-92DF-343CE2DB3D2D}.FitNesse|Mixed Platforms.Build.0 = Release|Any CPU
		{71C48BE8-D927-4F92-92DF-343CE2DB3D2D}.FitNesse|x86.ActiveCfg = Release|Any CPU
		{71C48BE8-D927-4F92-92DF-343CE2DB3D2D}.Release|Any CPU.ActiveCfg = Release|Any CPU
		{71C48BE8-D927-4F92-92DF-343CE2DB3D2D}.Release|Any CPU.Build.0 = Release|Any CPU
		{71C48BE8-D927-4F92-92DF-343CE2DB3D2D}.Release|Mixed Platforms.ActiveCfg = Release|Any CPU
		{71C48BE8-D927-4F92-92DF-343CE2DB3D2D}.Release|Mixed Platforms.Build.0 = Release|Any CPU
		{71C48BE8-D927-4F92-92DF-343CE2DB3D2D}.Release|x86.ActiveCfg = Release|Any CPU
		{EC9B0247-A35E-42D8-81A1-F9924A18470C}.Debug|Any CPU.ActiveCfg = Debug|Any CPU
		{EC9B0247-A35E-42D8-81A1-F9924A18470C}.Debug|Any CPU.Build.0 = Debug|Any CPU
		{EC9B0247-A35E-42D8-81A1-F9924A18470C}.Debug|Mixed Platforms.ActiveCfg = Release|Any CPU
		{EC9B0247-A35E-42D8-81A1-F9924A18470C}.Debug|Mixed Platforms.Build.0 = Release|Any CPU
		{EC9B0247-A35E-42D8-81A1-F9924A18470C}.Debug|x86.ActiveCfg = Debug|Any CPU
		{EC9B0247-A35E-42D8-81A1-F9924A18470C}.FitNesse|Any CPU.ActiveCfg = Release|Any CPU
		{EC9B0247-A35E-42D8-81A1-F9924A18470C}.FitNesse|Any CPU.Build.0 = Release|Any CPU
		{EC9B0247-A35E-42D8-81A1-F9924A18470C}.FitNesse|Mixed Platforms.ActiveCfg = Release|Any CPU
		{EC9B0247-A35E-42D8-81A1-F9924A18470C}.FitNesse|Mixed Platforms.Build.0 = Release|Any CPU
		{EC9B0247-A35E-42D8-81A1-F9924A18470C}.FitNesse|x86.ActiveCfg = Release|Any CPU
		{EC9B0247-A35E-42D8-81A1-F9924A18470C}.Release|Any CPU.ActiveCfg = Release|Any CPU
		{EC9B0247-A35E-42D8-81A1-F9924A18470C}.Release|Any CPU.Build.0 = Release|Any CPU
		{EC9B0247-A35E-42D8-81A1-F9924A18470C}.Release|Mixed Platforms.ActiveCfg = Release|Any CPU
		{EC9B0247-A35E-42D8-81A1-F9924A18470C}.Release|Mixed Platforms.Build.0 = Release|Any CPU
		{EC9B0247-A35E-42D8-81A1-F9924A18470C}.Release|x86.ActiveCfg = Release|Any CPU
		{1ADF380E-BF32-41B8-883A-359227BDFCF4}.Debug|Any CPU.ActiveCfg = Debug|Any CPU
		{1ADF380E-BF32-41B8-883A-359227BDFCF4}.Debug|Any CPU.Build.0 = Debug|Any CPU
		{1ADF380E-BF32-41B8-883A-359227BDFCF4}.Debug|Mixed Platforms.ActiveCfg = Release|Any CPU
		{1ADF380E-BF32-41B8-883A-359227BDFCF4}.Debug|Mixed Platforms.Build.0 = Release|Any CPU
		{1ADF380E-BF32-41B8-883A-359227BDFCF4}.Debug|x86.ActiveCfg = Debug|Any CPU
		{1ADF380E-BF32-41B8-883A-359227BDFCF4}.FitNesse|Any CPU.ActiveCfg = Release|Any CPU
		{1ADF380E-BF32-41B8-883A-359227BDFCF4}.FitNesse|Any CPU.Build.0 = Release|Any CPU
		{1ADF380E-BF32-41B8-883A-359227BDFCF4}.FitNesse|Mixed Platforms.ActiveCfg = Release|Any CPU
		{1ADF380E-BF32-41B8-883A-359227BDFCF4}.FitNesse|Mixed Platforms.Build.0 = Release|Any CPU
		{1ADF380E-BF32-41B8-883A-359227BDFCF4}.FitNesse|x86.ActiveCfg = Release|Any CPU
		{1ADF380E-BF32-41B8-883A-359227BDFCF4}.Release|Any CPU.ActiveCfg = Release|Any CPU
		{1ADF380E-BF32-41B8-883A-359227BDFCF4}.Release|Any CPU.Build.0 = Release|Any CPU
		{1ADF380E-BF32-41B8-883A-359227BDFCF4}.Release|Mixed Platforms.ActiveCfg = Release|Any CPU
		{1ADF380E-BF32-41B8-883A-359227BDFCF4}.Release|Mixed Platforms.Build.0 = Release|Any CPU
		{1ADF380E-BF32-41B8-883A-359227BDFCF4}.Release|x86.ActiveCfg = Release|Any CPU
		{ECA80FA2-785D-468D-9ED2-F2C40B1AF37F}.Debug|Any CPU.ActiveCfg = Debug|Any CPU
		{ECA80FA2-785D-468D-9ED2-F2C40B1AF37F}.Debug|Any CPU.Build.0 = Debug|Any CPU
		{ECA80FA2-785D-468D-9ED2-F2C40B1AF37F}.Debug|Mixed Platforms.ActiveCfg = Release|Any CPU
		{ECA80FA2-785D-468D-9ED2-F2C40B1AF37F}.Debug|Mixed Platforms.Build.0 = Release|Any CPU
		{ECA80FA2-785D-468D-9ED2-F2C40B1AF37F}.Debug|x86.ActiveCfg = Debug|Any CPU
		{ECA80FA2-785D-468D-9ED2-F2C40B1AF37F}.FitNesse|Any CPU.ActiveCfg = Release|Any CPU
		{ECA80FA2-785D-468D-9ED2-F2C40B1AF37F}.FitNesse|Any CPU.Build.0 = Release|Any CPU
		{ECA80FA2-785D-468D-9ED2-F2C40B1AF37F}.FitNesse|Mixed Platforms.ActiveCfg = Release|Any CPU
		{ECA80FA2-785D-468D-9ED2-F2C40B1AF37F}.FitNesse|Mixed Platforms.Build.0 = Release|Any CPU
		{ECA80FA2-785D-468D-9ED2-F2C40B1AF37F}.FitNesse|x86.ActiveCfg = Release|Any CPU
		{ECA80FA2-785D-468D-9ED2-F2C40B1AF37F}.Release|Any CPU.ActiveCfg = Release|Any CPU
		{ECA80FA2-785D-468D-9ED2-F2C40B1AF37F}.Release|Any CPU.Build.0 = Release|Any CPU
		{ECA80FA2-785D-468D-9ED2-F2C40B1AF37F}.Release|Mixed Platforms.ActiveCfg = Release|Any CPU
		{ECA80FA2-785D-468D-9ED2-F2C40B1AF37F}.Release|Mixed Platforms.Build.0 = Release|Any CPU
		{ECA80FA2-785D-468D-9ED2-F2C40B1AF37F}.Release|x86.ActiveCfg = Release|Any CPU
	EndGlobalSection
	GlobalSection(SolutionProperties) = preSolution
		HideSolutionNode = FALSE
	EndGlobalSection
EndGlobal
